
Microsoft Visual Studio Solution File, Format Version 12.00
Project("{FAE04EC0-301F-11D3-BF4B-00C04F79EFBC}") = "PstInventory.Core", "PstInventory.Core\PstInventory.Core.csproj", "{815ECA73-021F-4FCC-A450-EFA49A4ED1A0}"
EndProject
Project("{FAE04EC0-301F-11D3-BF4B-00C04F79EFBC}") = "PstInventory.ConsoleApp", "PstInventory.ConsoleApp\PstInventory.ConsoleApp.csproj", "{D000DE62-31C0-4184-9906-E98792332E90}"
EndProject
Project("{FAE04EC0-301F-11D3-BF4B-00C04F79EFBC}") = "TestProject1", "TestProject1\TestProject1.csproj", "{F61D6129-25AE-4A99-A69D-D958D334D2C3}"
EndProject
Global
	GlobalSection(SolutionConfigurationPlatforms) = preSolution
		Debug|Any CPU = Debug|Any CPU
		Release|Any CPU = Release|Any CPU
	EndGlobalSection
	GlobalSection(ProjectConfigurationPlatforms) = postSolution
		{815ECA73-021F-4FCC-A450-EFA49A4ED1A0}.Debug|Any CPU.ActiveCfg = Debug|Any CPU
		{815ECA73-021F-4FCC-A450-EFA49A4ED1A0}.Debug|Any CPU.Build.0 = Debug|Any CPU
		{815ECA73-021F-4FCC-A450-EFA49A4ED1A0}.Release|Any CPU.ActiveCfg = Release|Any CPU
		{815ECA73-021F-4FCC-A450-EFA49A4ED1A0}.Release|Any CPU.Build.0 = Release|Any CPU
		{D000DE62-31C0-4184-9906-E98792332E90}.Debug|Any CPU.ActiveCfg = Debug|Any CPU
		{D000DE62-31C0-4184-9906-E98792332E90}.Debug|Any CPU.Build.0 = Debug|Any CPU
		{D000DE62-31C0-4184-9906-E98792332E90}.Release|Any CPU.ActiveCfg = Release|Any CPU
		{D000DE62-31C0-4184-9906-E98792332E90}.Release|Any CPU.Build.0 = Release|Any CPU
		{F61D6129-25AE-4A99-A69D-D958D334D2C3}.Debug|Any CPU.ActiveCfg = Debug|Any CPU
		{F61D6129-25AE-4A99-A69D-D958D334D2C3}.Debug|Any CPU.Build.0 = Debug|Any CPU
		{F61D6129-25AE-4A99-A69D-D958D334D2C3}.Release|Any CPU.ActiveCfg = Release|Any CPU
		{F61D6129-25AE-4A99-A69D-D958D334D2C3}.Release|Any CPU.Build.0 = Release|Any CPU
	EndGlobalSection
EndGlobal
