
Microsoft Visual Studio Solution File, Format Version 12.00
# Visual Studio Version 17
VisualStudioVersion = 17.14.36109.1 d17.14
MinimumVisualStudioVersion = 10.0.40219.1
Project("{FAE04EC0-301F-11D3-BF4B-00C04F79EFBC}") = "PstInventory.Core", "PstInventory.Core\PstInventory.Core.csproj", "{815ECA73-021F-4FCC-A450-EFA49A4ED1A0}"
EndProject
Project("{FAE04EC0-301F-11D3-BF4B-00C04F79EFBC}") = "PstInventory.ConsoleApp", "PstInventory.ConsoleApp\PstInventory.ConsoleApp.csproj", "{D000DE62-31C0-4184-9906-E98792332E90}"
EndProject
Project("{FAE04EC0-301F-11D3-BF4B-00C04F79EFBC}") = "TestProject1", "TestProject1\TestProject1.csproj", "{F61D6129-25AE-4A99-A69D-D958D334D2C3}"
EndProject
Project("{FAE04EC0-301F-11D3-BF4B-00C04F79EFBC}") = "PstInventory.UI", "PstInventory.UI\PstInventory.UI.csproj", "{F462F058-7D85-440D-962A-89F01670D8DA}"
EndProject
Global
	GlobalSection(SolutionConfigurationPlatforms) = preSolution
		Debug|Any CPU = Debug|Any CPU
		Release|Any CPU = Release|Any CPU
	EndGlobalSection
	GlobalSection(ProjectConfigurationPlatforms) = postSolution
		{815ECA73-021F-4FCC-A450-EFA49A4ED1A0}.Debug|Any CPU.ActiveCfg = Debug|Any CPU
		{815ECA73-021F-4FCC-A450-EFA49A4ED1A0}.Debug|Any CPU.Build.0 = Debug|Any CPU
		{815ECA73-021F-4FCC-A450-EFA49A4ED1A0}.Release|Any CPU.ActiveCfg = Release|Any CPU
		{815ECA73-021F-4FCC-A450-EFA49A4ED1A0}.Release|Any CPU.Build.0 = Release|Any CPU
		{D000DE62-31C0-4184-9906-E98792332E90}.Debug|Any CPU.ActiveCfg = Debug|Any CPU
		{D000DE62-31C0-4184-9906-E98792332E90}.Debug|Any CPU.Build.0 = Debug|Any CPU
		{D000DE62-31C0-4184-9906-E98792332E90}.Release|Any CPU.ActiveCfg = Release|Any CPU
		{D000DE62-31C0-4184-9906-E98792332E90}.Release|Any CPU.Build.0 = Release|Any CPU
		{F61D6129-25AE-4A99-A69D-D958D334D2C3}.Debug|Any CPU.ActiveCfg = Debug|Any CPU
		{F61D6129-25AE-4A99-A69D-D958D334D2C3}.Debug|Any CPU.Build.0 = Debug|Any CPU
		{F61D6129-25AE-4A99-A69D-D958D334D2C3}.Release|Any CPU.ActiveCfg = Release|Any CPU
		{F61D6129-25AE-4A99-A69D-D958D334D2C3}.Release|Any CPU.Build.0 = Release|Any CPU
		{F462F058-7D85-440D-962A-89F01670D8DA}.Debug|Any CPU.ActiveCfg = Debug|Any CPU
		{F462F058-7D85-440D-962A-89F01670D8DA}.Debug|Any CPU.Build.0 = Debug|Any CPU
		{F462F058-7D85-440D-962A-89F01670D8DA}.Release|Any CPU.ActiveCfg = Release|Any CPU
		{F462F058-7D85-440D-962A-89F01670D8DA}.Release|Any CPU.Build.0 = Release|Any CPU
	EndGlobalSection
	GlobalSection(SolutionProperties) = preSolution
		HideSolutionNode = FALSE
	EndGlobalSection
	GlobalSection(ExtensibilityGlobals) = postSolution
		SolutionGuid = {978DFCC6-4276-4950-845D-B476BB07D26A}
	EndGlobalSection
EndGlobal
